{
  "name": "SbgnXmlToCyjs",
  "lockfileVersion": 2,
  "requires": true,
  "packages": {
    "": {
      "dependencies": {
        "sbgnml-to-cytoscape": "^4.0.4"
      },
      "devDependencies": {
        "@types/node": "^18.7.14"
      }
    },
    "node_modules/@types/node": {
      "version": "18.7.14",
      "resolved": "https://registry.npmjs.org/@types/node/-/node-18.7.14.tgz",
      "integrity": "sha512-6bbDaETVi8oyIARulOE9qF1/Qdi/23z6emrUh0fNJRUmjznqrixD4MpGDdgOFk5Xb0m2H6Xu42JGdvAxaJR/wA==",
      "dev": true
    },
    "node_modules/object-path": {
      "version": "0.11.8",
      "license": "MIT",
      "engines": {
        "node": ">= 10.12.0"
      }
    },
    "node_modules/sax": {
      "version": "1.2.4",
      "license": "ISC"
    },
    "node_modules/sbgnml-to-cytoscape": {
      "version": "4.0.4",
      "resolved": "https://registry.npmjs.org/sbgnml-to-cytoscape/-/sbgnml-to-cytoscape-4.0.4.tgz",
      "integrity": "sha512-Zmvtek9+gJjOiuR1DXKf3UmevQQnF/bSFxKEknLBzqT8i18yyO3veew8reVotZeP8xh7JEjZzPyQI7mj6ImegQ==",
      "dependencies": {
        "object-path": "^0.11.4",
        "xml-js": "^1.0.2"
      }
    },
    "node_modules/xml-js": {
      "version": "1.6.11",
      "license": "MIT",
      "dependencies": {
        "sax": "^1.2.4"
      },
      "bin": {
        "xml-js": "bin/cli.js"
      }
    }
  },
  "dependencies": {
    "@types/node": {
      "version": "18.7.14",
      "resolved": "https://registry.npmjs.org/@types/node/-/node-18.7.14.tgz",
      "integrity": "sha512-6bbDaETVi8oyIARulOE9qF1/Qdi/23z6emrUh0fNJRUmjznqrixD4MpGDdgOFk5Xb0m2H6Xu42JGdvAxaJR/wA==",
      "dev": true
    },
    "object-path": {
      "version": "0.11.8"
    },
    "sax": {
      "version": "1.2.4"
    },
    "sbgnml-to-cytoscape": {
      "version": "4.0.4",
      "resolved": "https://registry.npmjs.org/sbgnml-to-cytoscape/-/sbgnml-to-cytoscape-4.0.4.tgz",
      "integrity": "sha512-Zmvtek9+gJjOiuR1DXKf3UmevQQnF/bSFxKEknLBzqT8i18yyO3veew8reVotZeP8xh7JEjZzPyQI7mj6ImegQ==",
      "requires": {
        "object-path": "^0.11.4",
        "xml-js": "^1.0.2"
      }
    },
    "xml-js": {
      "version": "1.6.11",
      "requires": {
        "sax": "^1.2.4"
      }
    }
  }
}
